langcode: en
status: true
dependencies:
  module:
    - context
    - islandora_mirador
    - node
    - term_condition
  theme:
    - barriodepartments
id: barriodepartments_miradorblock
theme: barriodepartments
region: content
weight: -14
provider: null
plugin: mirador_block
settings:
  id: mirador_block
  label: 'Mirador block'
  label_display: visible
  provider: islandora_mirador
  iiif_manifest_url: 'https://doris2.digital.utsc.utoronto.ca/node/[node:nid]/book-manifest'
visibility:
  context:
    id: context
    negate: null
    values: ''
  user_status:
    id: user_status
    negate: false
    context_mapping:
      user: '@user.current_user_context:current_user'
    user_status:
      viewing_profile: '0'
      logged_viewing_profile: '0'
      own_page_true: '0'
      field_value: '0'
    user_fields: uid
  context_all:
    id: context_all
    negate: null
    values: ''
  term:
    id: term
    tid:
      -
        target_id: '15'
    negate: false
    context_mapping: {  }
  'entity_bundle:node':
    id: 'entity_bundle:node'
    negate: false
    context_mapping:
      node: '@node.node_route_context:node'
    bundles:
      islandora_object: islandora_object
